
Microsoft Visual Studio Solution File, Format Version 12.00
# Visual Studio Version 16
VisualStudioVersion = 16.0.31702.278
MinimumVisualStudioVersion = 10.0.40219.1
Project("{FAE04EC0-301F-11D3-BF4B-00C04F79EFBC}") = "StrategyPattern", "StrategyPattern\StrategyPattern.csproj", "{5F8DD7FD-B430-40FB-9B37-9C7BFFAE296A}"
EndProject
Global
	GlobalSection(SolutionConfigurationPlatforms) = preSolution
		Debug|Any CPU = Debug|Any CPU
		Release|Any CPU = Release|Any CPU
	EndGlobalSection
	GlobalSection(ProjectConfigurationPlatforms) = postSolution
		{5F8DD7FD-B430-40FB-9B37-9C7BFFAE296A}.Debug|Any CPU.ActiveCfg = Debug|Any CPU
		{5F8DD7FD-B430-40FB-9B37-9C7BFFAE296A}.Debug|Any CPU.Build.0 = Debug|Any CPU
		{5F8DD7FD-B430-40FB-9B37-9C7BFFAE296A}.Release|Any CPU.ActiveCfg = Release|Any CPU
		{5F8DD7FD-B430-40FB-9B37-9C7BFFAE296A}.Release|Any CPU.Build.0 = Release|Any CPU
	EndGlobalSection
	GlobalSection(SolutionProperties) = preSolution
		HideSolutionNode = FALSE
	EndGlobalSection
	GlobalSection(ExtensibilityGlobals) = postSolution
		SolutionGuid = {401472F3-63A5-4743-A3E5-1B381F166964}
	EndGlobalSection
EndGlobal
